
Microsoft Visual Studio Solution File, Format Version 12.00
# Visual Studio 15
VisualStudioVersion = 15.0.28307.572
MinimumVisualStudioVersion = 10.0.40219.1
Project("{FAE04EC0-301F-11D3-BF4B-00C04F79EFBC}") = "KontrRefl", "KontrRefl\KontrRefl.csproj", "{14907E21-DDB6-439B-B2A8-ECAABAC6A636}"
EndProject
Global
	GlobalSection(SolutionConfigurationPlatforms) = preSolution
		Debug|Any CPU = Debug|Any CPU
		Release|Any CPU = Release|Any CPU
	EndGlobalSection
	GlobalSection(ProjectConfigurationPlatforms) = postSolution
		{14907E21-DDB6-439B-B2A8-ECAABAC6A636}.Debug|Any CPU.ActiveCfg = Debug|Any CPU
		{14907E21-DDB6-439B-B2A8-ECAABAC6A636}.Debug|Any CPU.Build.0 = Debug|Any CPU
		{14907E21-DDB6-439B-B2A8-ECAABAC6A636}.Release|Any CPU.ActiveCfg = Release|Any CPU
		{14907E21-DDB6-439B-B2A8-ECAABAC6A636}.Release|Any CPU.Build.0 = Release|Any CPU
	EndGlobalSection
	GlobalSection(SolutionProperties) = preSolution
		HideSolutionNode = FALSE
	EndGlobalSection
	GlobalSection(ExtensibilityGlobals) = postSolution
		SolutionGuid = {6B137473-A713-4779-B3C2-12F054CBBA32}
	EndGlobalSection
EndGlobal
