
Microsoft Visual Studio Solution File, Format Version 12.00
# Visual Studio 15
VisualStudioVersion = 15.0.28010.2019
MinimumVisualStudioVersion = 10.0.40219.1
Project("{FAE04EC0-301F-11D3-BF4B-00C04F79EFBC}") = "expr2", "expr2\expr2.csproj", "{2CF34D2D-98CA-4BBF-8F72-31B7B363AE60}"
EndProject
Global
	GlobalSection(SolutionConfigurationPlatforms) = preSolution
		Debug|Any CPU = Debug|Any CPU
		Release|Any CPU = Release|Any CPU
	EndGlobalSection
	GlobalSection(ProjectConfigurationPlatforms) = postSolution
		{2CF34D2D-98CA-4BBF-8F72-31B7B363AE60}.Debug|Any CPU.ActiveCfg = Debug|Any CPU
		{2CF34D2D-98CA-4BBF-8F72-31B7B363AE60}.Debug|Any CPU.Build.0 = Debug|Any CPU
		{2CF34D2D-98CA-4BBF-8F72-31B7B363AE60}.Release|Any CPU.ActiveCfg = Release|Any CPU
		{2CF34D2D-98CA-4BBF-8F72-31B7B363AE60}.Release|Any CPU.Build.0 = Release|Any CPU
	EndGlobalSection
	GlobalSection(SolutionProperties) = preSolution
		HideSolutionNode = FALSE
	EndGlobalSection
	GlobalSection(ExtensibilityGlobals) = postSolution
		SolutionGuid = {F9CF5402-49AB-4D91-A651-13CFE8B3B625}
	EndGlobalSection
EndGlobal
