
Microsoft Visual Studio Solution File, Format Version 12.00
# Visual Studio 15
VisualStudioVersion = 15.0.28010.2019
MinimumVisualStudioVersion = 10.0.40219.1
Project("{FAE04EC0-301F-11D3-BF4B-00C04F79EFBC}") = "ImpossibleSquare", "ImpossibleSquare\ImpossibleSquare.csproj", "{0C91344D-58D5-47C3-8D0D-2B0E8639FB5E}"
EndProject
Global
	GlobalSection(SolutionConfigurationPlatforms) = preSolution
		Debug|Any CPU = Debug|Any CPU
		Release|Any CPU = Release|Any CPU
	EndGlobalSection
	GlobalSection(ProjectConfigurationPlatforms) = postSolution
		{0C91344D-58D5-47C3-8D0D-2B0E8639FB5E}.Debug|Any CPU.ActiveCfg = Debug|Any CPU
		{0C91344D-58D5-47C3-8D0D-2B0E8639FB5E}.Debug|Any CPU.Build.0 = Debug|Any CPU
		{0C91344D-58D5-47C3-8D0D-2B0E8639FB5E}.Release|Any CPU.ActiveCfg = Release|Any CPU
		{0C91344D-58D5-47C3-8D0D-2B0E8639FB5E}.Release|Any CPU.Build.0 = Release|Any CPU
	EndGlobalSection
	GlobalSection(SolutionProperties) = preSolution
		HideSolutionNode = FALSE
	EndGlobalSection
	GlobalSection(ExtensibilityGlobals) = postSolution
		SolutionGuid = {AF97562E-0616-44A3-B3A8-0B5BAE134FBC}
	EndGlobalSection
EndGlobal
