
Microsoft Visual Studio Solution File, Format Version 12.00
# Visual Studio 15
VisualStudioVersion = 15.0.28010.2019
MinimumVisualStudioVersion = 10.0.40219.1
Project("{FAE04EC0-301F-11D3-BF4B-00C04F79EFBC}") = "expr1", "expr1\expr1.csproj", "{D0E7937C-316A-43D3-8C27-53ABC4374EAE}"
EndProject
Global
	GlobalSection(SolutionConfigurationPlatforms) = preSolution
		Debug|Any CPU = Debug|Any CPU
		Release|Any CPU = Release|Any CPU
	EndGlobalSection
	GlobalSection(ProjectConfigurationPlatforms) = postSolution
		{D0E7937C-316A-43D3-8C27-53ABC4374EAE}.Debug|Any CPU.ActiveCfg = Debug|Any CPU
		{D0E7937C-316A-43D3-8C27-53ABC4374EAE}.Debug|Any CPU.Build.0 = Debug|Any CPU
		{D0E7937C-316A-43D3-8C27-53ABC4374EAE}.Release|Any CPU.ActiveCfg = Release|Any CPU
		{D0E7937C-316A-43D3-8C27-53ABC4374EAE}.Release|Any CPU.Build.0 = Release|Any CPU
	EndGlobalSection
	GlobalSection(SolutionProperties) = preSolution
		HideSolutionNode = FALSE
	EndGlobalSection
	GlobalSection(ExtensibilityGlobals) = postSolution
		SolutionGuid = {1CAD65D4-834B-4567-B7E2-B84C98B2C31F}
	EndGlobalSection
EndGlobal
