
Microsoft Visual Studio Solution File, Format Version 12.00
# Visual Studio Version 16
VisualStudioVersion = 16.0.29613.14
MinimumVisualStudioVersion = 10.0.40219.1
Project("{FAE04EC0-301F-11D3-BF4B-00C04F79EFBC}") = "hw1", "hw1\hw1.csproj", "{422223E7-7C07-49E4-9220-99419AB6678A}"
EndProject
Global
	GlobalSection(SolutionConfigurationPlatforms) = preSolution
		Debug|Any CPU = Debug|Any CPU
		Release|Any CPU = Release|Any CPU
	EndGlobalSection
	GlobalSection(ProjectConfigurationPlatforms) = postSolution
		{422223E7-7C07-49E4-9220-99419AB6678A}.Debug|Any CPU.ActiveCfg = Debug|Any CPU
		{422223E7-7C07-49E4-9220-99419AB6678A}.Debug|Any CPU.Build.0 = Debug|Any CPU
		{422223E7-7C07-49E4-9220-99419AB6678A}.Release|Any CPU.ActiveCfg = Release|Any CPU
		{422223E7-7C07-49E4-9220-99419AB6678A}.Release|Any CPU.Build.0 = Release|Any CPU
	EndGlobalSection
	GlobalSection(SolutionProperties) = preSolution
		HideSolutionNode = FALSE
	EndGlobalSection
	GlobalSection(ExtensibilityGlobals) = postSolution
		SolutionGuid = {3629E7F9-B2BA-45CA-99A4-886C3C5088ED}
	EndGlobalSection
EndGlobal
