
Microsoft Visual Studio Solution File, Format Version 12.00
# Visual Studio 15
VisualStudioVersion = 15.0.28307.572
MinimumVisualStudioVersion = 10.0.40219.1
Project("{FAE04EC0-301F-11D3-BF4B-00C04F79EFBC}") = "KontrRefl2", "KontrRefl2\KontrRefl2.csproj", "{45DEC992-9168-4C7B-AD15-B9041C0340D0}"
EndProject
Global
	GlobalSection(SolutionConfigurationPlatforms) = preSolution
		Debug|Any CPU = Debug|Any CPU
		Release|Any CPU = Release|Any CPU
	EndGlobalSection
	GlobalSection(ProjectConfigurationPlatforms) = postSolution
		{45DEC992-9168-4C7B-AD15-B9041C0340D0}.Debug|Any CPU.ActiveCfg = Debug|Any CPU
		{45DEC992-9168-4C7B-AD15-B9041C0340D0}.Debug|Any CPU.Build.0 = Debug|Any CPU
		{45DEC992-9168-4C7B-AD15-B9041C0340D0}.Release|Any CPU.ActiveCfg = Release|Any CPU
		{45DEC992-9168-4C7B-AD15-B9041C0340D0}.Release|Any CPU.Build.0 = Release|Any CPU
	EndGlobalSection
	GlobalSection(SolutionProperties) = preSolution
		HideSolutionNode = FALSE
	EndGlobalSection
	GlobalSection(ExtensibilityGlobals) = postSolution
		SolutionGuid = {80CA13EE-3E0C-428A-870B-1962A58D4C41}
	EndGlobalSection
EndGlobal
